
Microsoft Visual Studio Solution File, Format Version 12.00
# Visual Studio Version 17
VisualStudioVersion = 17.2.32630.192
MinimumVisualStudioVersion = 10.0.40219.1
Project("{FAE04EC0-301F-11D3-BF4B-00C04F79EFBC}") = "Apps", "Apps\Apps.csproj", "{3C5AD06A-F5B3-44CC-B0A0-43A1AAA6C6BD}"
EndProject
Project("{FAE04EC0-301F-11D3-BF4B-00C04F79EFBC}") = "DataStructures", "DataStructures\DataStructures.csproj", "{8B53A4DF-75DC-4C24-AFB3-8035B6507633}"
EndProject
Global
	GlobalSection(SolutionConfigurationPlatforms) = preSolution
		Debug|Any CPU = Debug|Any CPU
		Release|Any CPU = Release|Any CPU
	EndGlobalSection
	GlobalSection(ProjectConfigurationPlatforms) = postSolution
		{3C5AD06A-F5B3-44CC-B0A0-43A1AAA6C6BD}.Debug|Any CPU.ActiveCfg = Debug|Any CPU
		{3C5AD06A-F5B3-44CC-B0A0-43A1AAA6C6BD}.Debug|Any CPU.Build.0 = Debug|Any CPU
		{3C5AD06A-F5B3-44CC-B0A0-43A1AAA6C6BD}.Release|Any CPU.ActiveCfg = Release|Any CPU
		{3C5AD06A-F5B3-44CC-B0A0-43A1AAA6C6BD}.Release|Any CPU.Build.0 = Release|Any CPU
		{8B53A4DF-75DC-4C24-AFB3-8035B6507633}.Debug|Any CPU.ActiveCfg = Debug|Any CPU
		{8B53A4DF-75DC-4C24-AFB3-8035B6507633}.Debug|Any CPU.Build.0 = Debug|Any CPU
		{8B53A4DF-75DC-4C24-AFB3-8035B6507633}.Release|Any CPU.ActiveCfg = Release|Any CPU
		{8B53A4DF-75DC-4C24-AFB3-8035B6507633}.Release|Any CPU.Build.0 = Release|Any CPU
	EndGlobalSection
	GlobalSection(SolutionProperties) = preSolution
		HideSolutionNode = FALSE
	EndGlobalSection
	GlobalSection(ExtensibilityGlobals) = postSolution
		SolutionGuid = {E2836ECF-112D-4EB2-ABA7-61F2951510E6}
	EndGlobalSection
EndGlobal
